// !$*UTF8*$!
{
	archiveVersion = 1;
	classes = {
	};
	objectVersion = 52;
	objects = {

/* Begin PBXBuildFile section */
		C994833F25E9534D00CAC623 /* SwiftUITextFielsApp.swift in Sources */ = {isa = PBXBuildFile; fileRef = C994832C25E9534C00CAC623 /* SwiftUITextFielsApp.swift */; };
		C994834025E9534D00CAC623 /* SwiftUITextFielsApp.swift in Sources */ = {isa = PBXBuildFile; fileRef = C994832C25E9534C00CAC623 /* SwiftUITextFielsApp.swift */; };
		C994834125E9534D00CAC623 /* ContentView.swift in Sources */ = {isa = PBXBuildFile; fileRef = C994832D25E9534C00CAC623 /* ContentView.swift */; };
		C994834225E9534D00CAC623 /* ContentView.swift in Sources */ = {isa = PBXBuildFile; fileRef = C994832D25E9534C00CAC623 /* ContentView.swift */; };
		C994834325E9534D00CAC623 /* Assets.xcassets in Resources */ = {isa = PBXBuildFile; fileRef = C994832E25E9534D00CAC623 /* Assets.xcassets */; };
		C994834425E9534D00CAC623 /* Assets.xcassets in Resources */ = {isa = PBXBuildFile; fileRef = C994832E25E9534D00CAC623 /* Assets.xcassets */; };
		C994835125E9650A00CAC623 /* Introspect in Frameworks */ = {isa = PBXBuildFile; productRef = C994835025E9650A00CAC623 /* Introspect */; };
/* End PBXBuildFile section */

/* Begin PBXFileReference section */
		C994832C25E9534C00CAC623 /* SwiftUITextFielsApp.swift */ = {isa = PBXFileReference; lastKnownFileType = sourcecode.swift; path = SwiftUITextFielsApp.swift; sourceTree = "<group>"; };
		C994832D25E9534C00CAC623 /* ContentView.swift */ = {isa = PBXFileReference; lastKnownFileType = sourcecode.swift; path = ContentView.swift; sourceTree = "<group>"; };
		C994832E25E9534D00CAC623 /* Assets.xcassets */ = {isa = PBXFileReference; lastKnownFileType = folder.assetcatalog; path = Assets.xcassets; sourceTree = "<group>"; };
		C994833325E9534D00CAC623 /* SwiftUITextFiels.app */ = {isa = PBXFileReference; explicitFileType = wrapper.application; includeInIndex = 0; path = SwiftUITextFiels.app; sourceTree = BUILT_PRODUCTS_DIR; };
		C994833625E9534D00CAC623 /* Info.plist */ = {isa = PBXFileReference; lastKnownFileType = text.plist.xml; path = Info.plist; sourceTree = "<group>"; };
		C994833B25E9534D00CAC623 /* SwiftUITextFiels.app */ = {isa = PBXFileReference; explicitFileType = wrapper.application; includeInIndex = 0; path = SwiftUITextFiels.app; sourceTree = BUILT_PRODUCTS_DIR; };
		C994833D25E9534D00CAC623 /* Info.plist */ = {isa = PBXFileReference; lastKnownFileType = text.plist.xml; path = Info.plist; sourceTree = "<group>"; };
		C994833E25E9534D00CAC623 /* macOS.entitlements */ = {isa = PBXFileReference; lastKnownFileType = text.plist.entitlements; path = macOS.entitlements; sourceTree = "<group>"; };
/* End PBXFileReference section */

/* Begin PBXFrameworksBuildPhase section */
		C994833025E9534D00CAC623 /* Frameworks */ = {
			isa = PBXFrameworksBuildPhase;
			buildActionMask = 2147483647;
			files = (
				C994835125E9650A00CAC623 /* Introspect in Frameworks */,
			);
			runOnlyForDeploymentPostprocessing = 0;
		};
		C994833825E9534D00CAC623 /* Frameworks */ = {
			isa = PBXFrameworksBuildPhase;
			buildActionMask = 2147483647;
			files = (
			);
			runOnlyForDeploymentPostprocessing = 0;
		};
/* End PBXFrameworksBuildPhase section */

/* Begin PBXGroup section */
		C994832625E9534B00CAC623 = {
			isa = PBXGroup;
			children = (
				C994832B25E9534C00CAC623 /* Shared */,
				C994833525E9534D00CAC623 /* iOS */,
				C994833C25E9534D00CAC623 /* macOS */,
				C994833425E9534D00CAC623 /* Products */,
			);
			sourceTree = "<group>";
		};
		C994832B25E9534C00CAC623 /* Shared */ = {
			isa = PBXGroup;
			children = (
				C994832C25E9534C00CAC623 /* SwiftUITextFielsApp.swift */,
				C994832D25E9534C00CAC623 /* ContentView.swift */,
				C994832E25E9534D00CAC623 /* Assets.xcassets */,
			);
			path = Shared;
			sourceTree = "<group>";
		};
		C994833425E9534D00CAC623 /* Products */ = {
			isa = PBXGroup;
			children = (
				C994833325E9534D00CAC623 /* SwiftUITextFiels.app */,
				C994833B25E9534D00CAC623 /* SwiftUITextFiels.app */,
			);
			name = Products;
			sourceTree = "<group>";
		};
		C994833525E9534D00CAC623 /* iOS */ = {
			isa = PBXGroup;
			children = (
				C994833625E9534D00CAC623 /* Info.plist */,
			);
			path = iOS;
			sourceTree = "<group>";
		};
		C994833C25E9534D00CAC623 /* macOS */ = {
			isa = PBXGroup;
			children = (
				C994833D25E9534D00CAC623 /* Info.plist */,
				C994833E25E9534D00CAC623 /* macOS.entitlements */,
			);
			path = macOS;
			sourceTree = "<group>";
		};
/* End PBXGroup section */

/* Begin PBXNativeTarget section */
		C994833225E9534D00CAC623 /* SwiftUITextFiels (iOS) */ = {
			isa = PBXNativeTarget;
			buildConfigurationList = C994834725E9534D00CAC623 /* Build configuration list for PBXNativeTarget "SwiftUITextFiels (iOS)" */;
			buildPhases = (
				C994832F25E9534D00CAC623 /* Sources */,
				C994833025E9534D00CAC623 /* Frameworks */,
				C994833125E9534D00CAC623 /* Resources */,
			);
			buildRules = (
			);
			dependencies = (
			);
			name = "SwiftUITextFiels (iOS)";
			packageProductDependencies = (
				C994835025E9650A00CAC623 /* Introspect */,
			);
			productName = "SwiftUITextFiels (iOS)";
			productReference = C994833325E9534D00CAC623 /* SwiftUITextFiels.app */;
			productType = "com.apple.product-type.application";
		};
		C994833A25E9534D00CAC623 /* SwiftUITextFiels (macOS) */ = {
			isa = PBXNativeTarget;
			buildConfigurationList = C994834A25E9534D00CAC623 /* Build configuration list for PBXNativeTarget "SwiftUITextFiels (macOS)" */;
			buildPhases = (
				C994833725E9534D00CAC623 /* Sources */,
				C994833825E9534D00CAC623 /* Frameworks */,
				C994833925E9534D00CAC623 /* Resources */,
			);
			buildRules = (
			);
			dependencies = (
			);
			name = "SwiftUITextFiels (macOS)";
			productName = "SwiftUITextFiels (macOS)";
			productReference = C994833B25E9534D00CAC623 /* SwiftUITextFiels.app */;
			productType = "com.apple.product-type.application";
		};
/* End PBXNativeTarget section */

/* Begin PBXProject section */
		C994832725E9534B00CAC623 /* Project object */ = {
			isa = PBXProject;
			attributes = {
				LastSwiftUpdateCheck = 1240;
				LastUpgradeCheck = 1240;
				TargetAttributes = {
					C994833225E9534D00CAC623 = {
						CreatedOnToolsVersion = 12.4;
					};
					C994833A25E9534D00CAC623 = {
						CreatedOnToolsVersion = 12.4;
					};
				};
			};
			buildConfigurationList = C994832A25E9534B00CAC623 /* Build configuration list for PBXProject "SwiftUITextFiels" */;
			compatibilityVersion = "Xcode 9.3";
			developmentRegion = en;
			hasScannedForEncodings = 0;
			knownRegions = (
				en,
				Base,
			);
			mainGroup = C994832625E9534B00CAC623;
			packageReferences = (
				C994834F25E9650A00CAC623 /* XCRemoteSwiftPackageReference "SwiftUI-Introspect" */,
			);
			productRefGroup = C994833425E9534D00CAC623 /* Products */;
			projectDirPath = "";
			projectRoot = "";
			targets = (
				C994833225E9534D00CAC623 /* SwiftUITextFiels (iOS) */,
				C994833A25E9534D00CAC623 /* SwiftUITextFiels (macOS) */,
			);
		};
/* End PBXProject section */

/* Begin PBXResourcesBuildPhase section */
		C994833125E9534D00CAC623 /* Resources */ = {
			isa = PBXResourcesBuildPhase;
			buildActionMask = 2147483647;
			files = (
				C994834325E9534D00CAC623 /* Assets.xcassets in Resources */,
			);
			runOnlyForDeploymentPostprocessing = 0;
		};
		C994833925E9534D00CAC623 /* Resources */ = {
			isa = PBXResourcesBuildPhase;
			buildActionMask = 2147483647;
			files = (
				C994834425E9534D00CAC623 /* Assets.xcassets in Resources */,
			);
			runOnlyForDeploymentPostprocessing = 0;
		};
/* End PBXResourcesBuildPhase section */

/* Begin PBXSourcesBuildPhase section */
		C994832F25E9534D00CAC623 /* Sources */ = {
			isa = PBXSourcesBuildPhase;
			buildActionMask = 2147483647;
			files = (
				C994834125E9534D00CAC623 /* ContentView.swift in Sources */,
				C994833F25E9534D00CAC623 /* SwiftUITextFielsApp.swift in Sources */,
			);
			runOnlyForDeploymentPostprocessing = 0;
		};
		C994833725E9534D00CAC623 /* Sources */ = {
			isa = PBXSourcesBuildPhase;
			buildActionMask = 2147483647;
			files = (
				C994834225E9534D00CAC623 /* ContentView.swift in Sources */,
				C994834025E9534D00CAC623 /* SwiftUITextFielsApp.swift in Sources */,
			);
			runOnlyForDeploymentPostprocessing = 0;
		};
/* End PBXSourcesBuildPhase section */

/* Begin XCBuildConfiguration section */
		C994834525E9534D00CAC623 /* Debug */ = {
			isa = XCBuildConfiguration;
			buildSettings = {
				ALWAYS_SEARCH_USER_PATHS = NO;
				CLANG_ANALYZER_NONNULL = YES;
				CLANG_ANALYZER_NUMBER_OBJECT_CONVERSION = YES_AGGRESSIVE;
				CLANG_CXX_LANGUAGE_STANDARD = "gnu++14";
				CLANG_CXX_LIBRARY = "libc++";
				CLANG_ENABLE_MODULES = YES;
				CLANG_ENABLE_OBJC_ARC = YES;
				CLANG_ENABLE_OBJC_WEAK = YES;
				CLANG_WARN_BLOCK_CAPTURE_AUTORELEASING = YES;
				CLANG_WARN_BOOL_CONVERSION = YES;
				CLANG_WARN_COMMA = YES;
				CLANG_WARN_CONSTANT_CONVERSION = YES;
				CLANG_WARN_DEPRECATED_OBJC_IMPLEMENTATIONS = YES;
				CLANG_WARN_DIRECT_OBJC_ISA_USAGE = YES_ERROR;
				CLANG_WARN_DOCUMENTATION_COMMENTS = YES;
				CLANG_WARN_EMPTY_BODY = YES;
				CLANG_WARN_ENUM_CONVERSION = YES;
				CLANG_WARN_INFINITE_RECURSION = YES;
				CLANG_WARN_INT_CONVERSION = YES;
				CLANG_WARN_NON_LITERAL_NULL_CONVERSION = YES;
				CLANG_WARN_OBJC_IMPLICIT_RETAIN_SELF = YES;
				CLANG_WARN_OBJC_LITERAL_CONVERSION = YES;
				CLANG_WARN_OBJC_ROOT_CLASS = YES_ERROR;
				CLANG_WARN_QUOTED_INCLUDE_IN_FRAMEWORK_HEADER = YES;
				CLANG_WARN_RANGE_LOOP_ANALYSIS = YES;
				CLANG_WARN_STRICT_PROTOTYPES = YES;
				CLANG_WARN_SUSPICIOUS_MOVE = YES;
				CLANG_WARN_UNGUARDED_AVAILABILITY = YES_AGGRESSIVE;
				CLANG_WARN_UNREACHABLE_CODE = YES;
				CLANG_WARN__DUPLICATE_METHOD_MATCH = YES;
				COPY_PHASE_STRIP = NO;
				DEBUG_INFORMATION_FORMAT = dwarf;
				ENABLE_STRICT_OBJC_MSGSEND = YES;
				ENABLE_TESTABILITY = YES;
				GCC_C_LANGUAGE_STANDARD = gnu11;
				GCC_DYNAMIC_NO_PIC = NO;
				GCC_NO_COMMON_BLOCKS = YES;
				GCC_OPTIMIZATION_LEVEL = 0;
				GCC_PREPROCESSOR_DEFINITIONS = (
					"DEBUG=1",
					"$(inherited)",
				);
				GCC_WARN_64_TO_32_BIT_CONVERSION = YES;
				GCC_WARN_ABOUT_RETURN_TYPE = YES_ERROR;
				GCC_WARN_UNDECLARED_SELECTOR = YES;
				GCC_WARN_UNINITIALIZED_AUTOS = YES_AGGRESSIVE;
				GCC_WARN_UNUSED_FUNCTION = YES;
				GCC_WARN_UNUSED_VARIABLE = YES;
				MTL_ENABLE_DEBUG_INFO = INCLUDE_SOURCE;
				MTL_FAST_MATH = YES;
				ONLY_ACTIVE_ARCH = YES;
				SWIFT_ACTIVE_COMPILATION_CONDITIONS = DEBUG;
				SWIFT_OPTIMIZATION_LEVEL = "-Onone";
			};
			name = Debug;
		};
		C994834625E9534D00CAC623 /* Release */ = {
			isa = XCBuildConfiguration;
			buildSettings = {
				ALWAYS_SEARCH_USER_PATHS = NO;
				CLANG_ANALYZER_NONNULL = YES;
				CLANG_ANALYZER_NUMBER_OBJECT_CONVERSION = YES_AGGRESSIVE;
				CLANG_CXX_LANGUAGE_STANDARD = "gnu++14";
				CLANG_CXX_LIBRARY = "libc++";
				CLANG_ENABLE_MODULES = YES;
				CLANG_ENABLE_OBJC_ARC = YES;
				CLANG_ENABLE_OBJC_WEAK = YES;
				CLANG_WARN_BLOCK_CAPTURE_AUTORELEASING = YES;
				CLANG_WARN_BOOL_CONVERSION = YES;
				CLANG_WARN_COMMA = YES;
				CLANG_WARN_CONSTANT_CONVERSION = YES;
				CLANG_WARN_DEPRECATED_OBJC_IMPLEMENTATIONS = YES;
				CLANG_WARN_DIRECT_OBJC_ISA_USAGE = YES_ERROR;
				CLANG_WARN_DOCUMENTATION_COMMENTS = YES;
				CLANG_WARN_EMPTY_BODY = YES;
				CLANG_WARN_ENUM_CONVERSION = YES;
				CLANG_WARN_INFINITE_RECURSION = YES;
				CLANG_WARN_INT_CONVERSION = YES;
				CLANG_WARN_NON_LITERAL_NULL_CONVERSION = YES;
				CLANG_WARN_OBJC_IMPLICIT_RETAIN_SELF = YES;
				CLANG_WARN_OBJC_LITERAL_CONVERSION = YES;
				CLANG_WARN_OBJC_ROOT_CLASS = YES_ERROR;
				CLANG_WARN_QUOTED_INCLUDE_IN_FRAMEWORK_HEADER = YES;
				CLANG_WARN_RANGE_LOOP_ANALYSIS = YES;
				CLANG_WARN_STRICT_PROTOTYPES = YES;
				CLANG_WARN_SUSPICIOUS_MOVE = YES;
				CLANG_WARN_UNGUARDED_AVAILABILITY = YES_AGGRESSIVE;
				CLANG_WARN_UNREACHABLE_CODE = YES;
				CLANG_WARN__DUPLICATE_METHOD_MATCH = YES;
				COPY_PHASE_STRIP = NO;
				DEBUG_INFORMATION_FORMAT = "dwarf-with-dsym";
				ENABLE_NS_ASSERTIONS = NO;
				ENABLE_STRICT_OBJC_MSGSEND = YES;
				GCC_C_LANGUAGE_STANDARD = gnu11;
				GCC_NO_COMMON_BLOCKS = YES;
				GCC_WARN_64_TO_32_BIT_CONVERSION = YES;
				GCC_WARN_ABOUT_RETURN_TYPE = YES_ERROR;
				GCC_WARN_UNDECLARED_SELECTOR = YES;
				GCC_WARN_UNINITIALIZED_AUTOS = YES_AGGRESSIVE;
				GCC_WARN_UNUSED_FUNCTION = YES;
				GCC_WARN_UNUSED_VARIABLE = YES;
				MTL_ENABLE_DEBUG_INFO = NO;
				MTL_FAST_MATH = YES;
				SWIFT_COMPILATION_MODE = wholemodule;
				SWIFT_OPTIMIZATION_LEVEL = "-O";
			};
			name = Release;
		};
		C994834825E9534D00CAC623 /* Debug */ = {
			isa = XCBuildConfiguration;
			buildSettings = {
				ASSETCATALOG_COMPILER_APPICON_NAME = AppIcon;
				ASSETCATALOG_COMPILER_GLOBAL_ACCENT_COLOR_NAME = AccentColor;
				CODE_SIGN_STYLE = Automatic;
				DEVELOPMENT_TEAM = R252PR8AVU;
				ENABLE_PREVIEWS = YES;
				INFOPLIST_FILE = iOS/Info.plist;
				IPHONEOS_DEPLOYMENT_TARGET = 14.0;
				LD_RUNPATH_SEARCH_PATHS = (
					"$(inherited)",
					"@executable_path/Frameworks",
				);
				PRODUCT_BUNDLE_IDENTIFIER = com.rebeloper.SwiftUITextFiels;
				PRODUCT_NAME = SwiftUITextFiels;
				SDKROOT = iphoneos;
				SWIFT_VERSION = 5.0;
				TARGETED_DEVICE_FAMILY = "1,2";
			};
			name = Debug;
		};
		C994834925E9534D00CAC623 /* Release */ = {
			isa = XCBuildConfiguration;
			buildSettings = {
				ASSETCATALOG_COMPILER_APPICON_NAME = AppIcon;
				ASSETCATALOG_COMPILER_GLOBAL_ACCENT_COLOR_NAME = AccentColor;
				CODE_SIGN_STYLE = Automatic;
				DEVELOPMENT_TEAM = R252PR8AVU;
				ENABLE_PREVIEWS = YES;
				INFOPLIST_FILE = iOS/Info.plist;
				IPHONEOS_DEPLOYMENT_TARGET = 14.0;
				LD_RUNPATH_SEARCH_PATHS = (
					"$(inherited)",
					"@executable_path/Frameworks",
				);
				PRODUCT_BUNDLE_IDENTIFIER = com.rebeloper.SwiftUITextFiels;
				PRODUCT_NAME = SwiftUITextFiels;
				SDKROOT = iphoneos;
				SWIFT_VERSION = 5.0;
				TARGETED_DEVICE_FAMILY = "1,2";
				VALIDATE_PRODUCT = YES;
			};
			name = Release;
		};
		C994834B25E9534D00CAC623 /* Debug */ = {
			isa = XCBuildConfiguration;
			buildSettings = {
				ASSETCATALOG_COMPILER_APPICON_NAME = AppIcon;
				ASSETCATALOG_COMPILER_GLOBAL_ACCENT_COLOR_NAME = AccentColor;
				CODE_SIGN_ENTITLEMENTS = macOS/macOS.entitlements;
				CODE_SIGN_STYLE = Automatic;
				COMBINE_HIDPI_IMAGES = YES;
				DEVELOPMENT_TEAM = R252PR8AVU;
				ENABLE_HARDENED_RUNTIME = YES;
				ENABLE_PREVIEWS = YES;
				INFOPLIST_FILE = macOS/Info.plist;
				LD_RUNPATH_SEARCH_PATHS = (
					"$(inherited)",
					"@executable_path/../Frameworks",
				);
				MACOSX_DEPLOYMENT_TARGET = 11.0;
				PRODUCT_BUNDLE_IDENTIFIER = com.rebeloper.SwiftUITextFiels;
				PRODUCT_NAME = SwiftUITextFiels;
				SDKROOT = macosx;
				SWIFT_VERSION = 5.0;
			};
			name = Debug;
		};
		C994834C25E9534D00CAC623 /* Release */ = {
			isa = XCBuildConfiguration;
			buildSettings = {
				ASSETCATALOG_COMPILER_APPICON_NAME = AppIcon;
				ASSETCATALOG_COMPILER_GLOBAL_ACCENT_COLOR_NAME = AccentColor;
				CODE_SIGN_ENTITLEMENTS = macOS/macOS.entitlements;
				CODE_SIGN_STYLE = Automatic;
				COMBINE_HIDPI_IMAGES = YES;
				DEVELOPMENT_TEAM = R252PR8AVU;
				ENABLE_HARDENED_RUNTIME = YES;
				ENABLE_PREVIEWS = YES;
				INFOPLIST_FILE = macOS/Info.plist;
				LD_RUNPATH_SEARCH_PATHS = (
					"$(inherited)",
					"@executable_path/../Frameworks",
				);
				MACOSX_DEPLOYMENT_TARGET = 11.0;
				PRODUCT_BUNDLE_IDENTIFIER = com.rebeloper.SwiftUITextFiels;
				PRODUCT_NAME = SwiftUITextFiels;
				SDKROOT = macosx;
				SWIFT_VERSION = 5.0;
			};
			name = Release;
		};
/* End XCBuildConfiguration section */

/* Begin XCConfigurationList section */
		C994832A25E9534B00CAC623 /* Build configuration list for PBXProject "SwiftUITextFiels" */ = {
			isa = XCConfigurationList;
			buildConfigurations = (
				C994834525E9534D00CAC623 /* Debug */,
				C994834625E9534D00CAC623 /* Release */,
			);
			defaultConfigurationIsVisible = 0;
			defaultConfigurationName = Release;
		};
		C994834725E9534D00CAC623 /* Build configuration list for PBXNativeTarget "SwiftUITextFiels (iOS)" */ = {
			isa = XCConfigurationList;
			buildConfigurations = (
				C994834825E9534D00CAC623 /* Debug */,
				C994834925E9534D00CAC623 /* Release */,
			);
			defaultConfigurationIsVisible = 0;
			defaultConfigurationName = Release;
		};
		C994834A25E9534D00CAC623 /* Build configuration list for PBXNativeTarget "SwiftUITextFiels (macOS)" */ = {
			isa = XCConfigurationList;
			buildConfigurations = (
				C994834B25E9534D00CAC623 /* Debug */,
				C994834C25E9534D00CAC623 /* Release */,
			);
			defaultConfigurationIsVisible = 0;
			defaultConfigurationName = Release;
		};
/* End XCConfigurationList section */

/* Begin XCRemoteSwiftPackageReference section */
		C994834F25E9650A00CAC623 /* XCRemoteSwiftPackageReference "SwiftUI-Introspect" */ = {
			isa = XCRemoteSwiftPackageReference;
			repositoryURL = "https://github.com/siteline/SwiftUI-Introspect.git";
			requirement = {
				kind = upToNextMajorVersion;
				minimumVersion = 0.1.2;
			};
		};
/* End XCRemoteSwiftPackageReference section */

/* Begin XCSwiftPackageProductDependency section */
		C994835025E9650A00CAC623 /* Introspect */ = {
			isa = XCSwiftPackageProductDependency;
			package = C994834F25E9650A00CAC623 /* XCRemoteSwiftPackageReference "SwiftUI-Introspect" */;
			productName = Introspect;
		};
/* End XCSwiftPackageProductDependency section */
	};
	rootObject = C994832725E9534B00CAC623 /* Project object */;
}
